
Microsoft Visual Studio Solution File, Format Version 12.00
Project("{FAE04EC0-301F-11D3-BF4B-00C04F79EFBC}") = "samples", "samples\samples.csproj", "{D68795BE-6D1B-4C69-80D0-F9117B52C3DB}"
EndProject
Global
	GlobalSection(SolutionConfigurationPlatforms) = preSolution
		Debug|Any CPU = Debug|Any CPU
		Release|Any CPU = Release|Any CPU
	EndGlobalSection
	GlobalSection(ProjectConfigurationPlatforms) = postSolution
		{D68795BE-6D1B-4C69-80D0-F9117B52C3DB}.Debug|Any CPU.ActiveCfg = Debug|Any CPU
		{D68795BE-6D1B-4C69-80D0-F9117B52C3DB}.Debug|Any CPU.Build.0 = Debug|Any CPU
		{D68795BE-6D1B-4C69-80D0-F9117B52C3DB}.Release|Any CPU.ActiveCfg = Release|Any CPU
		{D68795BE-6D1B-4C69-80D0-F9117B52C3DB}.Release|Any CPU.Build.0 = Release|Any CPU
	EndGlobalSection
EndGlobal
